schema: '2.0'
stages:
  data_ingestion:
    cmd: python src/cnnClassifier/pipeline/stages_01_data_ingestion.py
    deps:
    - path: config/config.yaml
      hash: md5
      md5: 1665b926e83a2c924d3e0bc4d11284f5
      size: 807
    - path: src/cnnClassifier/pipeline/stages_01_data_ingestion.py
      hash: md5
      md5: 8975120acfc9623ec052aa32ee20314d
      size: 913
    outs:
    - path: artifacts/data_ingestion/Chicken-fecal-images
      hash: md5
      md5: 9e1f8dd2eae3c29e9d635df89d438ae4.dir
      size: 12207807
      nfiles: 390
  prepare_base_model:
    cmd: python src/cnnClassifier/pipeline/stages_02_prepare_base_model.py
    deps:
    - path: config/config.yaml
      hash: md5
      md5: 1665b926e83a2c924d3e0bc4d11284f5
      size: 807
    - path: src/cnnClassifier/pipeline/stages_02_prepare_base_model.py
      hash: md5
      md5: db06ee2275b3c522ab4b02a9be7bc01b
      size: 1049
    params:
      params.yaml:
        CLASSES: 2
        IMAGE_SIZE:
        - 224
        - 224
        - 3
        INCLUDE_TOP: false
        LEARNING_RATE: 0.01
        WEIGHTS: imagenet
    outs:
    - path: artifacts/prepare_base_model
      hash: md5
      md5: 5972665edcf0b31c64598c4659477016.dir
      size: 118059248
      nfiles: 2
  training:
    cmd: python src/cnnClassifier/pipeline/stages_03_training.py
    deps:
    - path: artifacts/data_ingestion/Chicken-fecal-images
      hash: md5
      md5: 9e1f8dd2eae3c29e9d635df89d438ae4.dir
      size: 12207807
      nfiles: 390
    - path: artifacts/prepare_base_model
      hash: md5
      md5: 5972665edcf0b31c64598c4659477016.dir
      size: 118059248
      nfiles: 2
    - path: config/config.yaml
      hash: md5
      md5: 1665b926e83a2c924d3e0bc4d11284f5
      size: 807
    - path: src/cnnClassifier/components/prepare_callbacks.py
      hash: md5
      md5: 371d45742e27d086f322fd08eefedff1
      size: 1012
    - path: src/cnnClassifier/pipeline/stages_03_training.py
      hash: md5
      md5: c0ce50edf9d8758b16143f397f21b619
      size: 1269
    params:
      params.yaml:
        AUGMENTATION: true
        BATCH_SIZE: 16
        EPOCHS: 1
        IMAGE_SIZE:
        - 224
        - 224
        - 3
    outs:
    - path: artifacts/training/model.h5
      hash: md5
      md5: 6198780d96141bb51ee6864efb2b8cea
      size: 59340720
  evaluation:
    cmd: python src/cnnClassifier/pipeline/stages_04_evaluation.py
    deps:
    - path: artifacts/data_ingestion/Chicken-fecal-images
      hash: md5
      md5: 9e1f8dd2eae3c29e9d635df89d438ae4.dir
      size: 12207807
      nfiles: 390
    - path: artifacts/training/model.h5
      hash: md5
      md5: 6198780d96141bb51ee6864efb2b8cea
      size: 59340720
    - path: config/config.yaml
      hash: md5
      md5: 1665b926e83a2c924d3e0bc4d11284f5
      size: 807
    - path: src/cnnClassifier/pipeline/stages_04_evaluation.py
      hash: md5
      md5: c486dcca422dc88efd17dffd8793d201
      size: 878
    params:
      params.yaml:
        BATCH_SIZE: 16
        IMAGE_SIZE:
        - 224
        - 224
        - 3
    outs:
    - path: scores.json
      hash: md5
      md5: 82fa97bcbe91ed6a3d6b6558ef124004
      size: 58
